// !$*UTF8*$!
{
	archiveVersion = 1;
	classes = {
	};
	objectVersion = 46;
	objects = {

/* Begin PBXBuildFile section */
		41D6AA3D1B0290DC00852764 /* AppDelegate.swift in Sources */ = {isa = PBXBuildFile; fileRef = 41D6AA3C1B0290DC00852764 /* AppDelegate.swift */; };
		41D6AA3F1B0290DC00852764 /* ViewController.swift in Sources */ = {isa = PBXBuildFile; fileRef = 41D6AA3E1B0290DC00852764 /* ViewController.swift */; };
		41D6AA421B0290DC00852764 /* Main.storyboard in Resources */ = {isa = PBXBuildFile; fileRef = 41D6AA401B0290DC00852764 /* Main.storyboard */; };
		41D6AA441B0290DC00852764 /* Images.xcassets in Resources */ = {isa = PBXBuildFile; fileRef = 41D6AA431B0290DC00852764 /* Images.xcassets */; };
		41D6AA471B0290DC00852764 /* LaunchScreen.xib in Resources */ = {isa = PBXBuildFile; fileRef = 41D6AA451B0290DC00852764 /* LaunchScreen.xib */; };
		41D6AA531B0290DD00852764 /* TicTacToeTests.swift in Sources */ = {isa = PBXBuildFile; fileRef = 41D6AA521B0290DD00852764 /* TicTacToeTests.swift */; };
/* End PBXBuildFile section */

/* Begin PBXContainerItemProxy section */
		41D6AA4D1B0290DD00852764 /* PBXContainerItemProxy */ = {
			isa = PBXContainerItemProxy;
			containerPortal = 41D6AA2F1B0290DC00852764 /* Project object */;
			proxyType = 1;
			remoteGlobalIDString = 41D6AA361B0290DC00852764;
			remoteInfo = TicTacToe;
		};
/* End PBXContainerItemProxy section */

/* Begin PBXFileReference section */
		41D6AA371B0290DC00852764 /* TicTacToe.app */ = {isa = PBXFileReference; explicitFileType = wrapper.application; includeInIndex = 0; path = TicTacToe.app; sourceTree = BUILT_PRODUCTS_DIR; };
		41D6AA3B1B0290DC00852764 /* Info.plist */ = {isa = PBXFileReference; lastKnownFileType = text.plist.xml; path = Info.plist; sourceTree = "<group>"; };
		41D6AA3C1B0290DC00852764 /* AppDelegate.swift */ = {isa = PBXFileReference; lastKnownFileType = sourcecode.swift; path = AppDelegate.swift; sourceTree = "<group>"; };
		41D6AA3E1B0290DC00852764 /* ViewController.swift */ = {isa = PBXFileReference; lastKnownFileType = sourcecode.swift; path = ViewController.swift; sourceTree = "<group>"; };
		41D6AA411B0290DC00852764 /* Base */ = {isa = PBXFileReference; lastKnownFileType = file.storyboard; name = Base; path = Base.lproj/Main.storyboard; sourceTree = "<group>"; };
		41D6AA431B0290DC00852764 /* Images.xcassets */ = {isa = PBXFileReference; lastKnownFileType = folder.assetcatalog; path = Images.xcassets; sourceTree = "<group>"; };
		41D6AA461B0290DC00852764 /* Base */ = {isa = PBXFileReference; lastKnownFileType = file.xib; name = Base; path = Base.lproj/LaunchScreen.xib; sourceTree = "<group>"; };
		41D6AA4C1B0290DD00852764 /* TicTacToeTests.xctest */ = {isa = PBXFileReference; explicitFileType = wrapper.cfbundle; includeInIndex = 0; path = TicTacToeTests.xctest; sourceTree = BUILT_PRODUCTS_DIR; };
		41D6AA511B0290DD00852764 /* Info.plist */ = {isa = PBXFileReference; lastKnownFileType = text.plist.xml; path = Info.plist; sourceTree = "<group>"; };
		41D6AA521B0290DD00852764 /* TicTacToeTests.swift */ = {isa = PBXFileReference; lastKnownFileType = sourcecode.swift; path = TicTacToeTests.swift; sourceTree = "<group>"; };
/* End PBXFileReference section */

/* Begin PBXFrameworksBuildPhase section */
		41D6AA341B0290DC00852764 /* Frameworks */ = {
			isa = PBXFrameworksBuildPhase;
			buildActionMask = 2147483647;
			files = (
			);
			runOnlyForDeploymentPostprocessing = 0;
		};
		41D6AA491B0290DD00852764 /* Frameworks */ = {
			isa = PBXFrameworksBuildPhase;
			buildActionMask = 2147483647;
			files = (
			);
			runOnlyForDeploymentPostprocessing = 0;
		};
/* End PBXFrameworksBuildPhase section */

/* Begin PBXGroup section */
		41D6AA2E1B0290DC00852764 = {
			isa = PBXGroup;
			children = (
				41D6AA391B0290DC00852764 /* TicTacToe */,
				41D6AA4F1B0290DD00852764 /* TicTacToeTests */,
				41D6AA381B0290DC00852764 /* Products */,
			);
			sourceTree = "<group>";
		};
		41D6AA381B0290DC00852764 /* Products */ = {
			isa = PBXGroup;
			children = (
				41D6AA371B0290DC00852764 /* TicTacToe.app */,
				41D6AA4C1B0290DD00852764 /* TicTacToeTests.xctest */,
			);
			name = Products;
			sourceTree = "<group>";
		};
		41D6AA391B0290DC00852764 /* TicTacToe */ = {
			isa = PBXGroup;
			children = (
				41D6AA3C1B0290DC00852764 /* AppDelegate.swift */,
				41D6AA3E1B0290DC00852764 /* ViewController.swift */,
				41D6AA401B0290DC00852764 /* Main.storyboard */,
				41D6AA431B0290DC00852764 /* Images.xcassets */,
				41D6AA451B0290DC00852764 /* LaunchScreen.xib */,
				41D6AA3A1B0290DC00852764 /* Supporting Files */,
			);
			path = TicTacToe;
			sourceTree = "<group>";
		};
		41D6AA3A1B0290DC00852764 /* Supporting Files */ = {
			isa = PBXGroup;
			children = (
				41D6AA3B1B0290DC00852764 /* Info.plist */,
			);
			name = "Supporting Files";
			sourceTree = "<group>";
		};
		41D6AA4F1B0290DD00852764 /* TicTacToeTests */ = {
			isa = PBXGroup;
			children = (
				41D6AA521B0290DD00852764 /* TicTacToeTests.swift */,
				41D6AA501B0290DD00852764 /* Supporting Files */,
			);
			path = TicTacToeTests;
			sourceTree = "<group>";
		};
		41D6AA501B0290DD00852764 /* Supporting Files */ = {
			isa = PBXGroup;
			children = (
				41D6AA511B0290DD00852764 /* Info.plist */,
			);
			name = "Supporting Files";
			sourceTree = "<group>";
		};
/* End PBXGroup section */

/* Begin PBXNativeTarget section */
		41D6AA361B0290DC00852764 /* TicTacToe */ = {
			isa = PBXNativeTarget;
			buildConfigurationList = 41D6AA561B0290DD00852764 /* Build configuration list for PBXNativeTarget "TicTacToe" */;
			buildPhases = (
				41D6AA331B0290DC00852764 /* Sources */,
				41D6AA341B0290DC00852764 /* Frameworks */,
				41D6AA351B0290DC00852764 /* Resources */,
			);
			buildRules = (
			);
			dependencies = (
			);
			name = TicTacToe;
			productName = TicTacToe;
			productReference = 41D6AA371B0290DC00852764 /* TicTacToe.app */;
			productType = "com.apple.product-type.application";
		};
		41D6AA4B1B0290DD00852764 /* TicTacToeTests */ = {
			isa = PBXNativeTarget;
			buildConfigurationList = 41D6AA591B0290DD00852764 /* Build configuration list for PBXNativeTarget "TicTacToeTests" */;
			buildPhases = (
				41D6AA481B0290DD00852764 /* Sources */,
				41D6AA491B0290DD00852764 /* Frameworks */,
				41D6AA4A1B0290DD00852764 /* Resources */,
			);
			buildRules = (
			);
			dependencies = (
				41D6AA4E1B0290DD00852764 /* PBXTargetDependency */,
			);
			name = TicTacToeTests;
			productName = TicTacToeTests;
			productReference = 41D6AA4C1B0290DD00852764 /* TicTacToeTests.xctest */;
			productType = "com.apple.product-type.bundle.unit-test";
		};
/* End PBXNativeTarget section */

/* Begin PBXProject section */
		41D6AA2F1B0290DC00852764 /* Project object */ = {
			isa = PBXProject;
			attributes = {
				LastUpgradeCheck = 0630;
				ORGANIZATIONNAME = MauriceCarrier;
				TargetAttributes = {
					41D6AA361B0290DC00852764 = {
						CreatedOnToolsVersion = 6.3.1;
					};
					41D6AA4B1B0290DD00852764 = {
						CreatedOnToolsVersion = 6.3.1;
						TestTargetID = 41D6AA361B0290DC00852764;
					};
				};
			};
			buildConfigurationList = 41D6AA321B0290DC00852764 /* Build configuration list for PBXProject "TicTacToe" */;
			compatibilityVersion = "Xcode 3.2";
			developmentRegion = English;
			hasScannedForEncodings = 0;
			knownRegions = (
				en,
				Base,
			);
			mainGroup = 41D6AA2E1B0290DC00852764;
			productRefGroup = 41D6AA381B0290DC00852764 /* Products */;
			projectDirPath = "";
			projectRoot = "";
			targets = (
				41D6AA361B0290DC00852764 /* TicTacToe */,
				41D6AA4B1B0290DD00852764 /* TicTacToeTests */,
			);
		};
/* End PBXProject section */

/* Begin PBXResourcesBuildPhase section */
		41D6AA351B0290DC00852764 /* Resources */ = {
			isa = PBXResourcesBuildPhase;
			buildActionMask = 2147483647;
			files = (
				41D6AA421B0290DC00852764 /* Main.storyboard in Resources */,
				41D6AA471B0290DC00852764 /* LaunchScreen.xib in Resources */,
				41D6AA441B0290DC00852764 /* Images.xcassets in Resources */,
			);
			runOnlyForDeploymentPostprocessing = 0;
		};
		41D6AA4A1B0290DD00852764 /* Resources */ = {
			isa = PBXResourcesBuildPhase;
			buildActionMask = 2147483647;
			files = (
			);
			runOnlyForDeploymentPostprocessing = 0;
		};
/* End PBXResourcesBuildPhase section */

/* Begin PBXSourcesBuildPhase section */
		41D6AA331B0290DC00852764 /* Sources */ = {
			isa = PBXSourcesBuildPhase;
			buildActionMask = 2147483647;
			files = (
				41D6AA3F1B0290DC00852764 /* ViewController.swift in Sources */,
				41D6AA3D1B0290DC00852764 /* AppDelegate.swift in Sources */,
			);
			runOnlyForDeploymentPostprocessing = 0;
		};
		41D6AA481B0290DD00852764 /* Sources */ = {
			isa = PBXSourcesBuildPhase;
			buildActionMask = 2147483647;
			files = (
				41D6AA531B0290DD00852764 /* TicTacToeTests.swift in Sources */,
			);
			runOnlyForDeploymentPostprocessing = 0;
		};
/* End PBXSourcesBuildPhase section */

/* Begin PBXTargetDependency section */
		41D6AA4E1B0290DD00852764 /* PBXTargetDependency */ = {
			isa = PBXTargetDependency;
			target = 41D6AA361B0290DC00852764 /* TicTacToe */;
			targetProxy = 41D6AA4D1B0290DD00852764 /* PBXContainerItemProxy */;
		};
/* End PBXTargetDependency section */

/* Begin PBXVariantGroup section */
		41D6AA401B0290DC00852764 /* Main.storyboard */ = {
			isa = PBXVariantGroup;
			children = (
				41D6AA411B0290DC00852764 /* Base */,
			);
			name = Main.storyboard;
			sourceTree = "<group>";
		};
		41D6AA451B0290DC00852764 /* LaunchScreen.xib */ = {
			isa = PBXVariantGroup;
			children = (
				41D6AA461B0290DC00852764 /* Base */,
			);
			name = LaunchScreen.xib;
			sourceTree = "<group>";
		};
/* End PBXVariantGroup section */

/* Begin XCBuildConfiguration section */
		41D6AA541B0290DD00852764 /* Debug */ = {
			isa = XCBuildConfiguration;
			buildSettings = {
				ALWAYS_SEARCH_USER_PATHS = NO;
				CLANG_CXX_LANGUAGE_STANDARD = "gnu++0x";
				CLANG_CXX_LIBRARY = "libc++";
				CLANG_ENABLE_MODULES = YES;
				CLANG_ENABLE_OBJC_ARC = YES;
				CLANG_WARN_BOOL_CONVERSION = YES;
				CLANG_WARN_CONSTANT_CONVERSION = YES;
				CLANG_WARN_DIRECT_OBJC_ISA_USAGE = YES_ERROR;
				CLANG_WARN_EMPTY_BODY = YES;
				CLANG_WARN_ENUM_CONVERSION = YES;
				CLANG_WARN_INT_CONVERSION = YES;
				CLANG_WARN_OBJC_ROOT_CLASS = YES_ERROR;
				CLANG_WARN_UNREACHABLE_CODE = YES;
				CLANG_WARN__DUPLICATE_METHOD_MATCH = YES;
				"CODE_SIGN_IDENTITY[sdk=iphoneos*]" = "iPhone Developer";
				COPY_PHASE_STRIP = NO;
				DEBUG_INFORMATION_FORMAT = "dwarf-with-dsym";
				ENABLE_STRICT_OBJC_MSGSEND = YES;
				GCC_C_LANGUAGE_STANDARD = gnu99;
				GCC_DYNAMIC_NO_PIC = NO;
				GCC_NO_COMMON_BLOCKS = YES;
				GCC_OPTIMIZATION_LEVEL = 0;
				GCC_PREPROCESSOR_DEFINITIONS = (
					"DEBUG=1",
					"$(inherited)",
				);
				GCC_SYMBOLS_PRIVATE_EXTERN = NO;
				GCC_WARN_64_TO_32_BIT_CONVERSION = YES;
				GCC_WARN_ABOUT_RETURN_TYPE = YES_ERROR;
				GCC_WARN_UNDECLARED_SELECTOR = YES;
				GCC_WARN_UNINITIALIZED_AUTOS = YES_AGGRESSIVE;
				GCC_WARN_UNUSED_FUNCTION = YES;
				GCC_WARN_UNUSED_VARIABLE = YES;
				IPHONEOS_DEPLOYMENT_TARGET = 8.3;
				MTL_ENABLE_DEBUG_INFO = YES;
				ONLY_ACTIVE_ARCH = YES;
				SDKROOT = iphoneos;
				SWIFT_OPTIMIZATION_LEVEL = "-Onone";
			};
			name = Debug;
		};
		41D6AA551B0290DD00852764 /* Release */ = {
			isa = XCBuildConfiguration;
			buildSettings = {
				ALWAYS_SEARCH_USER_PATHS = NO;
				CLANG_CXX_LANGUAGE_STANDARD = "gnu++0x";
				CLANG_CXX_LIBRARY = "libc++";
				CLANG_ENABLE_MODULES = YES;
				CLANG_ENABLE_OBJC_ARC = YES;
				CLANG_WARN_BOOL_CONVERSION = YES;
				CLANG_WARN_CONSTANT_CONVERSION = YES;
				CLANG_WARN_DIRECT_OBJC_ISA_USAGE = YES_ERROR;
				CLANG_WARN_EMPTY_BODY = YES;
				CLANG_WARN_ENUM_CONVERSION = YES;
				CLANG_WARN_INT_CONVERSION = YES;
				CLANG_WARN_OBJC_ROOT_CLASS = YES_ERROR;
				CLANG_WARN_UNREACHABLE_CODE = YES;
				CLANG_WARN__DUPLICATE_METHOD_MATCH = YES;
				"CODE_SIGN_IDENTITY[sdk=iphoneos*]" = "iPhone Developer";
				COPY_PHASE_STRIP = NO;
				DEBUG_INFORMATION_FORMAT = "dwarf-with-dsym";
				ENABLE_NS_ASSERTIONS = NO;
				ENABLE_STRICT_OBJC_MSGSEND = YES;
				GCC_C_LANGUAGE_STANDARD = gnu99;
				GCC_NO_COMMON_BLOCKS = YES;
				GCC_WARN_64_TO_32_BIT_CONVERSION = YES;
				GCC_WARN_ABOUT_RETURN_TYPE = YES_ERROR;
				GCC_WARN_UNDECLARED_SELECTOR = YES;
				GCC_WARN_UNINITIALIZED_AUTOS = YES_AGGRESSIVE;
				GCC_WARN_UNUSED_FUNCTION = YES;
				GCC_WARN_UNUSED_VARIABLE = YES;
				IPHONEOS_DEPLOYMENT_TARGET = 8.3;
				MTL_ENABLE_DEBUG_INFO = NO;
				SDKROOT = iphoneos;
				VALIDATE_PRODUCT = YES;
			};
			name = Release;
		};
		41D6AA571B0290DD00852764 /* Debug */ = {
			isa = XCBuildConfiguration;
			buildSettings = {
				ASSETCATALOG_COMPILER_APPICON_NAME = AppIcon;
				INFOPLIST_FILE = TicTacToe/Info.plist;
				LD_RUNPATH_SEARCH_PATHS = "$(inherited) @executable_path/Frameworks";
				PRODUCT_NAME = "$(TARGET_NAME)";
			};
			name = Debug;
		};
		41D6AA581B0290DD00852764 /* Release */ = {
			isa = XCBuildConfiguration;
			buildSettings = {
				ASSETCATALOG_COMPILER_APPICON_NAME = AppIcon;
				INFOPLIST_FILE = TicTacToe/Info.plist;
				LD_RUNPATH_SEARCH_PATHS = "$(inherited) @executable_path/Frameworks";
				PRODUCT_NAME = "$(TARGET_NAME)";
			};
			name = Release;
		};
		41D6AA5A1B0290DD00852764 /* Debug */ = {
			isa = XCBuildConfiguration;
			buildSettings = {
				BUNDLE_LOADER = "$(TEST_HOST)";
				FRAMEWORK_SEARCH_PATHS = (
					"$(SDKROOT)/Developer/Library/Frameworks",
					"$(inherited)",
				);
				GCC_PREPROCESSOR_DEFINITIONS = (
					"DEBUG=1",
					"$(inherited)",
				);
				INFOPLIST_FILE = TicTacToeTests/Info.plist;
				LD_RUNPATH_SEARCH_PATHS = "$(inherited) @executable_path/Frameworks @loader_path/Frameworks";
				PRODUCT_NAME = "$(TARGET_NAME)";
				TEST_HOST = "$(BUILT_PRODUCTS_DIR)/TicTacToe.app/TicTacToe";
			};
			name = Debug;
		};
		41D6AA5B1B0290DD00852764 /* Release */ = {
			isa = XCBuildConfiguration;
			buildSettings = {
				BUNDLE_LOADER = "$(TEST_HOST)";
				FRAMEWORK_SEARCH_PATHS = (
					"$(SDKROOT)/Developer/Library/Frameworks",
					"$(inherited)",
				);
				INFOPLIST_FILE = TicTacToeTests/Info.plist;
				LD_RUNPATH_SEARCH_PATHS = "$(inherited) @executable_path/Frameworks @loader_path/Frameworks";
				PRODUCT_NAME = "$(TARGET_NAME)";
				TEST_HOST = "$(BUILT_PRODUCTS_DIR)/TicTacToe.app/TicTacToe";
			};
			name = Release;
		};
/* End XCBuildConfiguration section */

/* Begin XCConfigurationList section */
		41D6AA321B0290DC00852764 /* Build configuration list for PBXProject "TicTacToe" */ = {
			isa = XCConfigurationList;
			buildConfigurations = (
				41D6AA541B0290DD00852764 /* Debug */,
				41D6AA551B0290DD00852764 /* Release */,
			);
			defaultConfigurationIsVisible = 0;
			defaultConfigurationName = Release;
		};
		41D6AA561B0290DD00852764 /* Build configuration list for PBXNativeTarget "TicTacToe" */ = {
			isa = XCConfigurationList;
			buildConfigurations = (
				41D6AA571B0290DD00852764 /* Debug */,
				41D6AA581B0290DD00852764 /* Release */,
			);
			defaultConfigurationIsVisible = 0;
		};
		41D6AA591B0290DD00852764 /* Build configuration list for PBXNativeTarget "TicTacToeTests" */ = {
			isa = XCConfigurationList;
			buildConfigurations = (
				41D6AA5A1B0290DD00852764 /* Debug */,
				41D6AA5B1B0290DD00852764 /* Release */,
			);
			defaultConfigurationIsVisible = 0;
		};
/* End XCConfigurationList section */
	};
	rootObject = 41D6AA2F1B0290DC00852764 /* Project object */;
}
